
Microsoft Visual Studio Solution File, Format Version 12.00
# Visual Studio Version 17
VisualStudioVersion = 17.0.31903.59
MinimumVisualStudioVersion = 10.0.40219.1
Project("{FAE04EC0-301F-11D3-BF4B-00C04F79EFBC}") = "minimal-api", "Api\minimal-api.csproj", "{03CBC7F0-9C1B-4155-A393-F119B14BE033}"
EndProject
Project("{FAE04EC0-301F-11D3-BF4B-00C04F79EFBC}") = "Test", "Test\Test.csproj", "{23591B9C-1A65-41EC-A952-1BFE34C9F2C6}"
EndProject
Global
	GlobalSection(SolutionConfigurationPlatforms) = preSolution
		Debug|Any CPU = Debug|Any CPU
		Release|Any CPU = Release|Any CPU
	EndGlobalSection
	GlobalSection(ProjectConfigurationPlatforms) = postSolution
		{03CBC7F0-9C1B-4155-A393-F119B14BE033}.Debug|Any CPU.ActiveCfg = Debug|Any CPU
		{03CBC7F0-9C1B-4155-A393-F119B14BE033}.Debug|Any CPU.Build.0 = Debug|Any CPU
		{03CBC7F0-9C1B-4155-A393-F119B14BE033}.Release|Any CPU.ActiveCfg = Release|Any CPU
		{03CBC7F0-9C1B-4155-A393-F119B14BE033}.Release|Any CPU.Build.0 = Release|Any CPU
		{23591B9C-1A65-41EC-A952-1BFE34C9F2C6}.Debug|Any CPU.ActiveCfg = Debug|Any CPU
		{23591B9C-1A65-41EC-A952-1BFE34C9F2C6}.Debug|Any CPU.Build.0 = Debug|Any CPU
		{23591B9C-1A65-41EC-A952-1BFE34C9F2C6}.Release|Any CPU.ActiveCfg = Release|Any CPU
		{23591B9C-1A65-41EC-A952-1BFE34C9F2C6}.Release|Any CPU.Build.0 = Release|Any CPU
	EndGlobalSection
	GlobalSection(SolutionProperties) = preSolution
		HideSolutionNode = FALSE
	EndGlobalSection
EndGlobal
